
Microsoft Visual Studio Solution File, Format Version 12.00
# Visual Studio 15
VisualStudioVersion = 15.0.26430.6
MinimumVisualStudioVersion = 10.0.40219.1
Project("{FAE04EC0-301F-11D3-BF4B-00C04F79EFBC}") = "DefuseBomb.Android", "DefuseBomb\DefuseBomb.Android\DefuseBomb.Android.csproj", "{0D3CE24E-CA1E-4546-90EE-CB23511EBE90}"
EndProject
Project("{FAE04EC0-301F-11D3-BF4B-00C04F79EFBC}") = "DefuseBomb", "DefuseBomb\DefuseBomb\DefuseBomb.csproj", "{67227705-6456-497A-8635-B04445EAFAC3}"
EndProject
Project("{FAE04EC0-301F-11D3-BF4B-00C04F79EFBC}") = "DefuseBomb.iOS", "DefuseBomb\DefuseBomb.iOS\DefuseBomb.iOS.csproj", "{83EFAAF6-9845-4D1D-AB67-B92EA286FA55}"
EndProject
Global
	GlobalSection(SolutionConfigurationPlatforms) = preSolution
		Ad-Hoc|Any CPU = Ad-Hoc|Any CPU
		Ad-Hoc|iPhone = Ad-Hoc|iPhone
		Ad-Hoc|iPhoneSimulator = Ad-Hoc|iPhoneSimulator
		AppStore|Any CPU = AppStore|Any CPU
		AppStore|iPhone = AppStore|iPhone
		AppStore|iPhoneSimulator = AppStore|iPhoneSimulator
		Debug|Any CPU = Debug|Any CPU
		Debug|iPhone = Debug|iPhone
		Debug|iPhoneSimulator = Debug|iPhoneSimulator
		Release|Any CPU = Release|Any CPU
		Release|iPhone = Release|iPhone
		Release|iPhoneSimulator = Release|iPhoneSimulator
	EndGlobalSection
	GlobalSection(ProjectConfigurationPlatforms) = postSolution
		{0D3CE24E-CA1E-4546-90EE-CB23511EBE90}.Ad-Hoc|Any CPU.ActiveCfg = Release|Any CPU
		{0D3CE24E-CA1E-4546-90EE-CB23511EBE90}.Ad-Hoc|Any CPU.Build.0 = Release|Any CPU
		{0D3CE24E-CA1E-4546-90EE-CB23511EBE90}.Ad-Hoc|Any CPU.Deploy.0 = Release|Any CPU
		{0D3CE24E-CA1E-4546-90EE-CB23511EBE90}.Ad-Hoc|iPhone.ActiveCfg = Release|Any CPU
		{0D3CE24E-CA1E-4546-90EE-CB23511EBE90}.Ad-Hoc|iPhone.Build.0 = Release|Any CPU
		{0D3CE24E-CA1E-4546-90EE-CB23511EBE90}.Ad-Hoc|iPhone.Deploy.0 = Release|Any CPU
		{0D3CE24E-CA1E-4546-90EE-CB23511EBE90}.Ad-Hoc|iPhoneSimulator.ActiveCfg = Release|Any CPU
		{0D3CE24E-CA1E-4546-90EE-CB23511EBE90}.Ad-Hoc|iPhoneSimulator.Build.0 = Release|Any CPU
		{0D3CE24E-CA1E-4546-90EE-CB23511EBE90}.Ad-Hoc|iPhoneSimulator.Deploy.0 = Release|Any CPU
		{0D3CE24E-CA1E-4546-90EE-CB23511EBE90}.AppStore|Any CPU.ActiveCfg = Release|Any CPU
		{0D3CE24E-CA1E-4546-90EE-CB23511EBE90}.AppStore|Any CPU.Build.0 = Release|Any CPU
		{0D3CE24E-CA1E-4546-90EE-CB23511EBE90}.AppStore|Any CPU.Deploy.0 = Release|Any CPU
		{0D3CE24E-CA1E-4546-90EE-CB23511EBE90}.AppStore|iPhone.ActiveCfg = Release|Any CPU
		{0D3CE24E-CA1E-4546-90EE-CB23511EBE90}.AppStore|iPhone.Build.0 = Release|Any CPU
		{0D3CE24E-CA1E-4546-90EE-CB23511EBE90}.AppStore|iPhone.Deploy.0 = Release|Any CPU
		{0D3CE24E-CA1E-4546-90EE-CB23511EBE90}.AppStore|iPhoneSimulator.ActiveCfg = Release|Any CPU
		{0D3CE24E-CA1E-4546-90EE-CB23511EBE90}.AppStore|iPhoneSimulator.Build.0 = Release|Any CPU
		{0D3CE24E-CA1E-4546-90EE-CB23511EBE90}.AppStore|iPhoneSimulator.Deploy.0 = Release|Any CPU
		{0D3CE24E-CA1E-4546-90EE-CB23511EBE90}.Debug|Any CPU.ActiveCfg = Debug|Any CPU
		{0D3CE24E-CA1E-4546-90EE-CB23511EBE90}.Debug|Any CPU.Build.0 = Debug|Any CPU
		{0D3CE24E-CA1E-4546-90EE-CB23511EBE90}.Debug|Any CPU.Deploy.0 = Debug|Any CPU
		{0D3CE24E-CA1E-4546-90EE-CB23511EBE90}.Debug|iPhone.ActiveCfg = Debug|Any CPU
		{0D3CE24E-CA1E-4546-90EE-CB23511EBE90}.Debug|iPhone.Build.0 = Debug|Any CPU
		{0D3CE24E-CA1E-4546-90EE-CB23511EBE90}.Debug|iPhone.Deploy.0 = Debug|Any CPU
		{0D3CE24E-CA1E-4546-90EE-CB23511EBE90}.Debug|iPhoneSimulator.ActiveCfg = Debug|Any CPU
		{0D3CE24E-CA1E-4546-90EE-CB23511EBE90}.Debug|iPhoneSimulator.Build.0 = Debug|Any CPU
		{0D3CE24E-CA1E-4546-90EE-CB23511EBE90}.Debug|iPhoneSimulator.Deploy.0 = Debug|Any CPU
		{0D3CE24E-CA1E-4546-90EE-CB23511EBE90}.Release|Any CPU.ActiveCfg = Release|Any CPU
		{0D3CE24E-CA1E-4546-90EE-CB23511EBE90}.Release|Any CPU.Build.0 = Release|Any CPU
		{0D3CE24E-CA1E-4546-90EE-CB23511EBE90}.Release|Any CPU.Deploy.0 = Release|Any CPU
		{0D3CE24E-CA1E-4546-90EE-CB23511EBE90}.Release|iPhone.ActiveCfg = Release|Any CPU
		{0D3CE24E-CA1E-4546-90EE-CB23511EBE90}.Release|iPhone.Build.0 = Release|Any CPU
		{0D3CE24E-CA1E-4546-90EE-CB23511EBE90}.Release|iPhone.Deploy.0 = Release|Any CPU
		{0D3CE24E-CA1E-4546-90EE-CB23511EBE90}.Release|iPhoneSimulator.ActiveCfg = Release|Any CPU
		{0D3CE24E-CA1E-4546-90EE-CB23511EBE90}.Release|iPhoneSimulator.Build.0 = Release|Any CPU
		{0D3CE24E-CA1E-4546-90EE-CB23511EBE90}.Release|iPhoneSimulator.Deploy.0 = Release|Any CPU
		{67227705-6456-497A-8635-B04445EAFAC3}.Ad-Hoc|Any CPU.ActiveCfg = Release|Any CPU
		{67227705-6456-497A-8635-B04445EAFAC3}.Ad-Hoc|Any CPU.Build.0 = Release|Any CPU
		{67227705-6456-497A-8635-B04445EAFAC3}.Ad-Hoc|iPhone.ActiveCfg = Release|Any CPU
		{67227705-6456-497A-8635-B04445EAFAC3}.Ad-Hoc|iPhone.Build.0 = Release|Any CPU
		{67227705-6456-497A-8635-B04445EAFAC3}.Ad-Hoc|iPhoneSimulator.ActiveCfg = Release|Any CPU
		{67227705-6456-497A-8635-B04445EAFAC3}.Ad-Hoc|iPhoneSimulator.Build.0 = Release|Any CPU
		{67227705-6456-497A-8635-B04445EAFAC3}.AppStore|Any CPU.ActiveCfg = Release|Any CPU
		{67227705-6456-497A-8635-B04445EAFAC3}.AppStore|Any CPU.Build.0 = Release|Any CPU
		{67227705-6456-497A-8635-B04445EAFAC3}.AppStore|iPhone.ActiveCfg = Release|Any CPU
		{67227705-6456-497A-8635-B04445EAFAC3}.AppStore|iPhone.Build.0 = Release|Any CPU
		{67227705-6456-497A-8635-B04445EAFAC3}.AppStore|iPhoneSimulator.ActiveCfg = Release|Any CPU
		{67227705-6456-497A-8635-B04445EAFAC3}.AppStore|iPhoneSimulator.Build.0 = Release|Any CPU
		{67227705-6456-497A-8635-B04445EAFAC3}.Debug|Any CPU.ActiveCfg = Debug|Any CPU
		{67227705-6456-497A-8635-B04445EAFAC3}.Debug|Any CPU.Build.0 = Debug|Any CPU
		{67227705-6456-497A-8635-B04445EAFAC3}.Debug|iPhone.ActiveCfg = Debug|Any CPU
		{67227705-6456-497A-8635-B04445EAFAC3}.Debug|iPhone.Build.0 = Debug|Any CPU
		{67227705-6456-497A-8635-B04445EAFAC3}.Debug|iPhoneSimulator.ActiveCfg = Debug|Any CPU
		{67227705-6456-497A-8635-B04445EAFAC3}.Debug|iPhoneSimulator.Build.0 = Debug|Any CPU
		{67227705-6456-497A-8635-B04445EAFAC3}.Release|Any CPU.ActiveCfg = Release|Any CPU
		{67227705-6456-497A-8635-B04445EAFAC3}.Release|Any CPU.Build.0 = Release|Any CPU
		{67227705-6456-497A-8635-B04445EAFAC3}.Release|iPhone.ActiveCfg = Release|Any CPU
		{67227705-6456-497A-8635-B04445EAFAC3}.Release|iPhone.Build.0 = Release|Any CPU
		{67227705-6456-497A-8635-B04445EAFAC3}.Release|iPhoneSimulator.ActiveCfg = Release|Any CPU
		{67227705-6456-497A-8635-B04445EAFAC3}.Release|iPhoneSimulator.Build.0 = Release|Any CPU
		{83EFAAF6-9845-4D1D-AB67-B92EA286FA55}.Ad-Hoc|Any CPU.ActiveCfg = Ad-Hoc|iPhone
		{83EFAAF6-9845-4D1D-AB67-B92EA286FA55}.Ad-Hoc|iPhone.ActiveCfg = Ad-Hoc|iPhone
		{83EFAAF6-9845-4D1D-AB67-B92EA286FA55}.Ad-Hoc|iPhone.Build.0 = Ad-Hoc|iPhone
		{83EFAAF6-9845-4D1D-AB67-B92EA286FA55}.Ad-Hoc|iPhoneSimulator.ActiveCfg = Ad-Hoc|iPhoneSimulator
		{83EFAAF6-9845-4D1D-AB67-B92EA286FA55}.Ad-Hoc|iPhoneSimulator.Build.0 = Ad-Hoc|iPhoneSimulator
		{83EFAAF6-9845-4D1D-AB67-B92EA286FA55}.AppStore|Any CPU.ActiveCfg = AppStore|iPhone
		{83EFAAF6-9845-4D1D-AB67-B92EA286FA55}.AppStore|iPhone.ActiveCfg = AppStore|iPhone
		{83EFAAF6-9845-4D1D-AB67-B92EA286FA55}.AppStore|iPhone.Build.0 = AppStore|iPhone
		{83EFAAF6-9845-4D1D-AB67-B92EA286FA55}.AppStore|iPhoneSimulator.ActiveCfg = AppStore|iPhoneSimulator
		{83EFAAF6-9845-4D1D-AB67-B92EA286FA55}.AppStore|iPhoneSimulator.Build.0 = AppStore|iPhoneSimulator
		{83EFAAF6-9845-4D1D-AB67-B92EA286FA55}.Debug|Any CPU.ActiveCfg = Debug|iPhone
		{83EFAAF6-9845-4D1D-AB67-B92EA286FA55}.Debug|iPhone.ActiveCfg = Debug|iPhone
		{83EFAAF6-9845-4D1D-AB67-B92EA286FA55}.Debug|iPhone.Build.0 = Debug|iPhone
		{83EFAAF6-9845-4D1D-AB67-B92EA286FA55}.Debug|iPhoneSimulator.ActiveCfg = Debug|iPhoneSimulator
		{83EFAAF6-9845-4D1D-AB67-B92EA286FA55}.Debug|iPhoneSimulator.Build.0 = Debug|iPhoneSimulator
		{83EFAAF6-9845-4D1D-AB67-B92EA286FA55}.Release|Any CPU.ActiveCfg = Release|iPhone
		{83EFAAF6-9845-4D1D-AB67-B92EA286FA55}.Release|iPhone.ActiveCfg = Release|iPhone
		{83EFAAF6-9845-4D1D-AB67-B92EA286FA55}.Release|iPhone.Build.0 = Release|iPhone
		{83EFAAF6-9845-4D1D-AB67-B92EA286FA55}.Release|iPhoneSimulator.ActiveCfg = Release|iPhoneSimulator
		{83EFAAF6-9845-4D1D-AB67-B92EA286FA55}.Release|iPhoneSimulator.Build.0 = Release|iPhoneSimulator
	EndGlobalSection
	GlobalSection(SolutionProperties) = preSolution
		HideSolutionNode = FALSE
	EndGlobalSection
EndGlobal
